
Microsoft Visual Studio Solution File, Format Version 12.00
# Visual Studio Version 17
VisualStudioVersion = 17.8.34511.84
MinimumVisualStudioVersion = 10.0.40219.1
Project("{FAE04EC0-301F-11D3-BF4B-00C04F79EFBC}") = "BA_Ecommerce.Server", "Server\BA_Ecommerce.Server.csproj", "{498F8C21-3AAF-470B-BE50-4A5B3E47501C}"
EndProject
Project("{FAE04EC0-301F-11D3-BF4B-00C04F79EFBC}") = "BA_Ecommerce.Client", "Client\BA_Ecommerce.Client.csproj", "{D85BF325-9790-4DFC-94E1-2FE40272FAA3}"
EndProject
Project("{FAE04EC0-301F-11D3-BF4B-00C04F79EFBC}") = "BA_Ecommerce.Shared", "Shared\BA_Ecommerce.Shared.csproj", "{A6B835D1-75E3-436F-9D37-F63ADD837E8C}"
EndProject
Global
	GlobalSection(SolutionConfigurationPlatforms) = preSolution
		Debug|Any CPU = Debug|Any CPU
		Release|Any CPU = Release|Any CPU
	EndGlobalSection
	GlobalSection(ProjectConfigurationPlatforms) = postSolution
		{498F8C21-3AAF-470B-BE50-4A5B3E47501C}.Debug|Any CPU.ActiveCfg = Debug|Any CPU
		{498F8C21-3AAF-470B-BE50-4A5B3E47501C}.Debug|Any CPU.Build.0 = Debug|Any CPU
		{498F8C21-3AAF-470B-BE50-4A5B3E47501C}.Release|Any CPU.ActiveCfg = Release|Any CPU
		{498F8C21-3AAF-470B-BE50-4A5B3E47501C}.Release|Any CPU.Build.0 = Release|Any CPU
		{D85BF325-9790-4DFC-94E1-2FE40272FAA3}.Debug|Any CPU.ActiveCfg = Debug|Any CPU
		{D85BF325-9790-4DFC-94E1-2FE40272FAA3}.Debug|Any CPU.Build.0 = Debug|Any CPU
		{D85BF325-9790-4DFC-94E1-2FE40272FAA3}.Release|Any CPU.ActiveCfg = Release|Any CPU
		{D85BF325-9790-4DFC-94E1-2FE40272FAA3}.Release|Any CPU.Build.0 = Release|Any CPU
		{A6B835D1-75E3-436F-9D37-F63ADD837E8C}.Debug|Any CPU.ActiveCfg = Debug|Any CPU
		{A6B835D1-75E3-436F-9D37-F63ADD837E8C}.Debug|Any CPU.Build.0 = Debug|Any CPU
		{A6B835D1-75E3-436F-9D37-F63ADD837E8C}.Release|Any CPU.ActiveCfg = Release|Any CPU
		{A6B835D1-75E3-436F-9D37-F63ADD837E8C}.Release|Any CPU.Build.0 = Release|Any CPU
	EndGlobalSection
	GlobalSection(SolutionProperties) = preSolution
		HideSolutionNode = FALSE
	EndGlobalSection
	GlobalSection(ExtensibilityGlobals) = postSolution
		SolutionGuid = {BBA3A7B5-A342-452A-A3B4-FB404C8DEB49}
	EndGlobalSection
EndGlobal
